// !$*UTF8*$!
{
	archiveVersion = 1;
	classes = {
	};
	objectVersion = 48;
	objects = {

/* Begin PBXBuildFile section */
		7244E4991FCAD6D10047BAB7 /* GoogleService-Info.plist in Resources */ = {isa = PBXBuildFile; fileRef = 7244E4981FCAD6D10047BAB7 /* GoogleService-Info.plist */; };
		7244E49B1FCB11CD0047BAB7 /* AVFoundation.framework in Frameworks */ = {isa = PBXBuildFile; fileRef = 7244E49A1FCB11CD0047BAB7 /* AVFoundation.framework */; };
		724DE50E1FA8E5DC00960EFC /* AppDelegate.swift in Sources */ = {isa = PBXBuildFile; fileRef = 724DE50D1FA8E5DC00960EFC /* AppDelegate.swift */; };
		724DE5101FA8E5DC00960EFC /* RecordViewController.swift in Sources */ = {isa = PBXBuildFile; fileRef = 724DE50F1FA8E5DC00960EFC /* RecordViewController.swift */; };
		724DE5131FA8E5DC00960EFC /* Main.storyboard in Resources */ = {isa = PBXBuildFile; fileRef = 724DE5111FA8E5DC00960EFC /* Main.storyboard */; };
		724DE5151FA8E5DC00960EFC /* Assets.xcassets in Resources */ = {isa = PBXBuildFile; fileRef = 724DE5141FA8E5DC00960EFC /* Assets.xcassets */; };
		724DE5181FA8E5DC00960EFC /* LaunchScreen.storyboard in Resources */ = {isa = PBXBuildFile; fileRef = 724DE5161FA8E5DC00960EFC /* LaunchScreen.storyboard */; };
		724DE5231FA8E5DC00960EFC /* EchoTwinTests.swift in Sources */ = {isa = PBXBuildFile; fileRef = 724DE5221FA8E5DC00960EFC /* EchoTwinTests.swift */; };
		724DE52E1FA8E5DC00960EFC /* EchoTwinUITests.swift in Sources */ = {isa = PBXBuildFile; fileRef = 724DE52D1FA8E5DC00960EFC /* EchoTwinUITests.swift */; };
		727368CF20172701000249F9 /* NavigationViewController.swift in Sources */ = {isa = PBXBuildFile; fileRef = 727368CE20172701000249F9 /* NavigationViewController.swift */; };
		72F9304C1FF2A1BA001F3C94 /* TextToSpeechViewController.swift in Sources */ = {isa = PBXBuildFile; fileRef = 72F9304B1FF2A1BA001F3C94 /* TextToSpeechViewController.swift */; };
		72F9304D1FF2A1BA001F3C94 /* TextToSpeechViewController.swift in Sources */ = {isa = PBXBuildFile; fileRef = 72F9304B1FF2A1BA001F3C94 /* TextToSpeechViewController.swift */; };
		72F9304E1FF2A1BA001F3C94 /* TextToSpeechViewController.swift in Sources */ = {isa = PBXBuildFile; fileRef = 72F9304B1FF2A1BA001F3C94 /* TextToSpeechViewController.swift */; };
		92327442A4B77CF8BABCD48C /* Pods_EchoTwinUITests.framework in Frameworks */ = {isa = PBXBuildFile; fileRef = 5A9F2FA186F76525B3E8777F /* Pods_EchoTwinUITests.framework */; };
		AA615F3724672C1DD5F8A49A /* Pods_EchoTwinTests.framework in Frameworks */ = {isa = PBXBuildFile; fileRef = 3A40D309B1F7CBD63563AB87 /* Pods_EchoTwinTests.framework */; };
		C43950E65973F286665B07F5 /* Pods_EchoTwin.framework in Frameworks */ = {isa = PBXBuildFile; fileRef = B2487CD2467DDCCCF34CE4AE /* Pods_EchoTwin.framework */; };
/* End PBXBuildFile section */

/* Begin PBXContainerItemProxy section */
		724DE51F1FA8E5DC00960EFC /* PBXContainerItemProxy */ = {
			isa = PBXContainerItemProxy;
			containerPortal = 724DE5021FA8E5DC00960EFC /* Project object */;
			proxyType = 1;
			remoteGlobalIDString = 724DE5091FA8E5DC00960EFC;
			remoteInfo = EchoTwin;
		};
		724DE52A1FA8E5DC00960EFC /* PBXContainerItemProxy */ = {
			isa = PBXContainerItemProxy;
			containerPortal = 724DE5021FA8E5DC00960EFC /* Project object */;
			proxyType = 1;
			remoteGlobalIDString = 724DE5091FA8E5DC00960EFC;
			remoteInfo = EchoTwin;
		};
/* End PBXContainerItemProxy section */

/* Begin PBXFileReference section */
		1F433D70E333CBFD6DA85769 /* Pods-EchoTwinUITests.release.xcconfig */ = {isa = PBXFileReference; includeInIndex = 1; lastKnownFileType = text.xcconfig; name = "Pods-EchoTwinUITests.release.xcconfig"; path = "Pods/Target Support Files/Pods-EchoTwinUITests/Pods-EchoTwinUITests.release.xcconfig"; sourceTree = "<group>"; };
		3536D8EFA24DD683EBA74663 /* Pods-EchoTwinUITests.debug.xcconfig */ = {isa = PBXFileReference; includeInIndex = 1; lastKnownFileType = text.xcconfig; name = "Pods-EchoTwinUITests.debug.xcconfig"; path = "Pods/Target Support Files/Pods-EchoTwinUITests/Pods-EchoTwinUITests.debug.xcconfig"; sourceTree = "<group>"; };
		3A40D309B1F7CBD63563AB87 /* Pods_EchoTwinTests.framework */ = {isa = PBXFileReference; explicitFileType = wrapper.framework; includeInIndex = 0; path = Pods_EchoTwinTests.framework; sourceTree = BUILT_PRODUCTS_DIR; };
		59357C8269675995B067EC34 /* Pods-EchoTwinTests.debug.xcconfig */ = {isa = PBXFileReference; includeInIndex = 1; lastKnownFileType = text.xcconfig; name = "Pods-EchoTwinTests.debug.xcconfig"; path = "Pods/Target Support Files/Pods-EchoTwinTests/Pods-EchoTwinTests.debug.xcconfig"; sourceTree = "<group>"; };
		5A9F2FA186F76525B3E8777F /* Pods_EchoTwinUITests.framework */ = {isa = PBXFileReference; explicitFileType = wrapper.framework; includeInIndex = 0; path = Pods_EchoTwinUITests.framework; sourceTree = BUILT_PRODUCTS_DIR; };
		7244E4981FCAD6D10047BAB7 /* GoogleService-Info.plist */ = {isa = PBXFileReference; fileEncoding = 4; lastKnownFileType = text.plist.xml; path = "GoogleService-Info.plist"; sourceTree = "<group>"; };
		7244E49A1FCB11CD0047BAB7 /* AVFoundation.framework */ = {isa = PBXFileReference; lastKnownFileType = wrapper.framework; name = AVFoundation.framework; path = System/Library/Frameworks/AVFoundation.framework; sourceTree = SDKROOT; };
		724DE50A1FA8E5DC00960EFC /* EchoTwin.app */ = {isa = PBXFileReference; explicitFileType = wrapper.application; includeInIndex = 0; path = EchoTwin.app; sourceTree = BUILT_PRODUCTS_DIR; };
		724DE50D1FA8E5DC00960EFC /* AppDelegate.swift */ = {isa = PBXFileReference; lastKnownFileType = sourcecode.swift; path = AppDelegate.swift; sourceTree = "<group>"; };
		724DE50F1FA8E5DC00960EFC /* RecordViewController.swift */ = {isa = PBXFileReference; lastKnownFileType = sourcecode.swift; path = RecordViewController.swift; sourceTree = "<group>"; };
		724DE5121FA8E5DC00960EFC /* Base */ = {isa = PBXFileReference; lastKnownFileType = file.storyboard; name = Base; path = Base.lproj/Main.storyboard; sourceTree = "<group>"; };
		724DE5141FA8E5DC00960EFC /* Assets.xcassets */ = {isa = PBXFileReference; lastKnownFileType = folder.assetcatalog; path = Assets.xcassets; sourceTree = "<group>"; };
		724DE5171FA8E5DC00960EFC /* Base */ = {isa = PBXFileReference; lastKnownFileType = file.storyboard; name = Base; path = Base.lproj/LaunchScreen.storyboard; sourceTree = "<group>"; };
		724DE5191FA8E5DC00960EFC /* Info.plist */ = {isa = PBXFileReference; lastKnownFileType = text.plist.xml; path = Info.plist; sourceTree = "<group>"; };
		724DE51E1FA8E5DC00960EFC /* EchoTwinTests.xctest */ = {isa = PBXFileReference; explicitFileType = wrapper.cfbundle; includeInIndex = 0; path = EchoTwinTests.xctest; sourceTree = BUILT_PRODUCTS_DIR; };
		724DE5221FA8E5DC00960EFC /* EchoTwinTests.swift */ = {isa = PBXFileReference; lastKnownFileType = sourcecode.swift; path = EchoTwinTests.swift; sourceTree = "<group>"; };
		724DE5241FA8E5DC00960EFC /* Info.plist */ = {isa = PBXFileReference; lastKnownFileType = text.plist.xml; path = Info.plist; sourceTree = "<group>"; };
		724DE5291FA8E5DC00960EFC /* EchoTwinUITests.xctest */ = {isa = PBXFileReference; explicitFileType = wrapper.cfbundle; includeInIndex = 0; path = EchoTwinUITests.xctest; sourceTree = BUILT_PRODUCTS_DIR; };
		724DE52D1FA8E5DC00960EFC /* EchoTwinUITests.swift */ = {isa = PBXFileReference; lastKnownFileType = sourcecode.swift; path = EchoTwinUITests.swift; sourceTree = "<group>"; };
		724DE52F1FA8E5DC00960EFC /* Info.plist */ = {isa = PBXFileReference; lastKnownFileType = text.plist.xml; path = Info.plist; sourceTree = "<group>"; };
		727368CE20172701000249F9 /* NavigationViewController.swift */ = {isa = PBXFileReference; lastKnownFileType = sourcecode.swift; path = NavigationViewController.swift; sourceTree = "<group>"; };
		72F9304B1FF2A1BA001F3C94 /* TextToSpeechViewController.swift */ = {isa = PBXFileReference; lastKnownFileType = sourcecode.swift; path = TextToSpeechViewController.swift; sourceTree = "<group>"; };
		A92026A70E686715F78E13B2 /* Pods-EchoTwin.release.xcconfig */ = {isa = PBXFileReference; includeInIndex = 1; lastKnownFileType = text.xcconfig; name = "Pods-EchoTwin.release.xcconfig"; path = "Pods/Target Support Files/Pods-EchoTwin/Pods-EchoTwin.release.xcconfig"; sourceTree = "<group>"; };
		B2487CD2467DDCCCF34CE4AE /* Pods_EchoTwin.framework */ = {isa = PBXFileReference; explicitFileType = wrapper.framework; includeInIndex = 0; path = Pods_EchoTwin.framework; sourceTree = BUILT_PRODUCTS_DIR; };
		C66EE23794CBF16C80672317 /* Pods-EchoTwinTests.release.xcconfig */ = {isa = PBXFileReference; includeInIndex = 1; lastKnownFileType = text.xcconfig; name = "Pods-EchoTwinTests.release.xcconfig"; path = "Pods/Target Support Files/Pods-EchoTwinTests/Pods-EchoTwinTests.release.xcconfig"; sourceTree = "<group>"; };
		E2BAA1912026B6480384ED21 /* Pods-EchoTwin.debug.xcconfig */ = {isa = PBXFileReference; includeInIndex = 1; lastKnownFileType = text.xcconfig; name = "Pods-EchoTwin.debug.xcconfig"; path = "Pods/Target Support Files/Pods-EchoTwin/Pods-EchoTwin.debug.xcconfig"; sourceTree = "<group>"; };
/* End PBXFileReference section */

/* Begin PBXFrameworksBuildPhase section */
		724DE5071FA8E5DC00960EFC /* Frameworks */ = {
			isa = PBXFrameworksBuildPhase;
			buildActionMask = 2147483647;
			files = (
				7244E49B1FCB11CD0047BAB7 /* AVFoundation.framework in Frameworks */,
				C43950E65973F286665B07F5 /* Pods_EchoTwin.framework in Frameworks */,
			);
			runOnlyForDeploymentPostprocessing = 0;
		};
		724DE51B1FA8E5DC00960EFC /* Frameworks */ = {
			isa = PBXFrameworksBuildPhase;
			buildActionMask = 2147483647;
			files = (
				AA615F3724672C1DD5F8A49A /* Pods_EchoTwinTests.framework in Frameworks */,
			);
			runOnlyForDeploymentPostprocessing = 0;
		};
		724DE5261FA8E5DC00960EFC /* Frameworks */ = {
			isa = PBXFrameworksBuildPhase;
			buildActionMask = 2147483647;
			files = (
				92327442A4B77CF8BABCD48C /* Pods_EchoTwinUITests.framework in Frameworks */,
			);
			runOnlyForDeploymentPostprocessing = 0;
		};
/* End PBXFrameworksBuildPhase section */

/* Begin PBXGroup section */
		724DE5011FA8E5DC00960EFC = {
			isa = PBXGroup;
			children = (
				724DE50C1FA8E5DC00960EFC /* EchoTwin */,
				724DE5211FA8E5DC00960EFC /* EchoTwinTests */,
				724DE52C1FA8E5DC00960EFC /* EchoTwinUITests */,
				724DE50B1FA8E5DC00960EFC /* Products */,
				98D60DC8D98CBC66F1CAA3A5 /* Pods */,
				7F90D4A8DA99CE8BE9891426 /* Frameworks */,
			);
			sourceTree = "<group>";
		};
		724DE50B1FA8E5DC00960EFC /* Products */ = {
			isa = PBXGroup;
			children = (
				724DE50A1FA8E5DC00960EFC /* EchoTwin.app */,
				724DE51E1FA8E5DC00960EFC /* EchoTwinTests.xctest */,
				724DE5291FA8E5DC00960EFC /* EchoTwinUITests.xctest */,
			);
			name = Products;
			sourceTree = "<group>";
		};
		724DE50C1FA8E5DC00960EFC /* EchoTwin */ = {
			isa = PBXGroup;
			children = (
				7244E4981FCAD6D10047BAB7 /* GoogleService-Info.plist */,
				724DE50D1FA8E5DC00960EFC /* AppDelegate.swift */,
				724DE50F1FA8E5DC00960EFC /* RecordViewController.swift */,
				724DE5111FA8E5DC00960EFC /* Main.storyboard */,
				724DE5141FA8E5DC00960EFC /* Assets.xcassets */,
				724DE5161FA8E5DC00960EFC /* LaunchScreen.storyboard */,
				724DE5191FA8E5DC00960EFC /* Info.plist */,
				72F9304B1FF2A1BA001F3C94 /* TextToSpeechViewController.swift */,
				727368CE20172701000249F9 /* NavigationViewController.swift */,
			);
			path = EchoTwin;
			sourceTree = "<group>";
		};
		724DE5211FA8E5DC00960EFC /* EchoTwinTests */ = {
			isa = PBXGroup;
			children = (
				724DE5221FA8E5DC00960EFC /* EchoTwinTests.swift */,
				724DE5241FA8E5DC00960EFC /* Info.plist */,
			);
			path = EchoTwinTests;
			sourceTree = "<group>";
		};
		724DE52C1FA8E5DC00960EFC /* EchoTwinUITests */ = {
			isa = PBXGroup;
			children = (
				724DE52D1FA8E5DC00960EFC /* EchoTwinUITests.swift */,
				724DE52F1FA8E5DC00960EFC /* Info.plist */,
			);
			path = EchoTwinUITests;
			sourceTree = "<group>";
		};
		7F90D4A8DA99CE8BE9891426 /* Frameworks */ = {
			isa = PBXGroup;
			children = (
				7244E49A1FCB11CD0047BAB7 /* AVFoundation.framework */,
				B2487CD2467DDCCCF34CE4AE /* Pods_EchoTwin.framework */,
				3A40D309B1F7CBD63563AB87 /* Pods_EchoTwinTests.framework */,
				5A9F2FA186F76525B3E8777F /* Pods_EchoTwinUITests.framework */,
			);
			name = Frameworks;
			sourceTree = "<group>";
		};
		98D60DC8D98CBC66F1CAA3A5 /* Pods */ = {
			isa = PBXGroup;
			children = (
				E2BAA1912026B6480384ED21 /* Pods-EchoTwin.debug.xcconfig */,
				A92026A70E686715F78E13B2 /* Pods-EchoTwin.release.xcconfig */,
				59357C8269675995B067EC34 /* Pods-EchoTwinTests.debug.xcconfig */,
				C66EE23794CBF16C80672317 /* Pods-EchoTwinTests.release.xcconfig */,
				3536D8EFA24DD683EBA74663 /* Pods-EchoTwinUITests.debug.xcconfig */,
				1F433D70E333CBFD6DA85769 /* Pods-EchoTwinUITests.release.xcconfig */,
			);
			name = Pods;
			sourceTree = "<group>";
		};
/* End PBXGroup section */

/* Begin PBXNativeTarget section */
		724DE5091FA8E5DC00960EFC /* EchoTwin */ = {
			isa = PBXNativeTarget;
			buildConfigurationList = 724DE5321FA8E5DC00960EFC /* Build configuration list for PBXNativeTarget "EchoTwin" */;
			buildPhases = (
				75CA8147F5144486C9E80A31 /* [CP] Check Pods Manifest.lock */,
				724DE5061FA8E5DC00960EFC /* Sources */,
				724DE5071FA8E5DC00960EFC /* Frameworks */,
				724DE5081FA8E5DC00960EFC /* Resources */,
				C883A84238C363ECC1F62B24 /* [CP] Embed Pods Frameworks */,
				AD198DB89488D9AF2CE0D659 /* [CP] Copy Pods Resources */,
			);
			buildRules = (
			);
			dependencies = (
			);
			name = EchoTwin;
			productName = EchoTwin;
			productReference = 724DE50A1FA8E5DC00960EFC /* EchoTwin.app */;
			productType = "com.apple.product-type.application";
		};
		724DE51D1FA8E5DC00960EFC /* EchoTwinTests */ = {
			isa = PBXNativeTarget;
			buildConfigurationList = 724DE5351FA8E5DC00960EFC /* Build configuration list for PBXNativeTarget "EchoTwinTests" */;
			buildPhases = (
				4BF6C47CFD2FEE90A06B3B59 /* [CP] Check Pods Manifest.lock */,
				724DE51A1FA8E5DC00960EFC /* Sources */,
				724DE51B1FA8E5DC00960EFC /* Frameworks */,
				724DE51C1FA8E5DC00960EFC /* Resources */,
				F1B879EE1B538149021AB7EB /* [CP] Embed Pods Frameworks */,
				2A19AF8D85834378A4B9F64F /* [CP] Copy Pods Resources */,
			);
			buildRules = (
			);
			dependencies = (
				724DE5201FA8E5DC00960EFC /* PBXTargetDependency */,
			);
			name = EchoTwinTests;
			productName = EchoTwinTests;
			productReference = 724DE51E1FA8E5DC00960EFC /* EchoTwinTests.xctest */;
			productType = "com.apple.product-type.bundle.unit-test";
		};
		724DE5281FA8E5DC00960EFC /* EchoTwinUITests */ = {
			isa = PBXNativeTarget;
			buildConfigurationList = 724DE5381FA8E5DC00960EFC /* Build configuration list for PBXNativeTarget "EchoTwinUITests" */;
			buildPhases = (
				7F090F9549F11C27908CF52A /* [CP] Check Pods Manifest.lock */,
				724DE5251FA8E5DC00960EFC /* Sources */,
				724DE5261FA8E5DC00960EFC /* Frameworks */,
				724DE5271FA8E5DC00960EFC /* Resources */,
				01565D9AEEAAB4FB4CAF047A /* [CP] Embed Pods Frameworks */,
				B9BC78AB2B872BC68B114E1C /* [CP] Copy Pods Resources */,
			);
			buildRules = (
			);
			dependencies = (
				724DE52B1FA8E5DC00960EFC /* PBXTargetDependency */,
			);
			name = EchoTwinUITests;
			productName = EchoTwinUITests;
			productReference = 724DE5291FA8E5DC00960EFC /* EchoTwinUITests.xctest */;
			productType = "com.apple.product-type.bundle.ui-testing";
		};
/* End PBXNativeTarget section */

/* Begin PBXProject section */
		724DE5021FA8E5DC00960EFC /* Project object */ = {
			isa = PBXProject;
			attributes = {
				LastSwiftUpdateCheck = 0900;
				LastUpgradeCheck = 0900;
				ORGANIZATIONNAME = "Echo Twin";
				TargetAttributes = {
					724DE5091FA8E5DC00960EFC = {
						CreatedOnToolsVersion = 9.0;
						ProvisioningStyle = Automatic;
					};
					724DE51D1FA8E5DC00960EFC = {
						CreatedOnToolsVersion = 9.0;
						ProvisioningStyle = Automatic;
						TestTargetID = 724DE5091FA8E5DC00960EFC;
					};
					724DE5281FA8E5DC00960EFC = {
						CreatedOnToolsVersion = 9.0;
						ProvisioningStyle = Automatic;
						TestTargetID = 724DE5091FA8E5DC00960EFC;
					};
				};
			};
			buildConfigurationList = 724DE5051FA8E5DC00960EFC /* Build configuration list for PBXProject "EchoTwin" */;
			compatibilityVersion = "Xcode 8.0";
			developmentRegion = en;
			hasScannedForEncodings = 0;
			knownRegions = (
				en,
				Base,
			);
			mainGroup = 724DE5011FA8E5DC00960EFC;
			productRefGroup = 724DE50B1FA8E5DC00960EFC /* Products */;
			projectDirPath = "";
			projectRoot = "";
			targets = (
				724DE5091FA8E5DC00960EFC /* EchoTwin */,
				724DE51D1FA8E5DC00960EFC /* EchoTwinTests */,
				724DE5281FA8E5DC00960EFC /* EchoTwinUITests */,
			);
		};
/* End PBXProject section */

/* Begin PBXResourcesBuildPhase section */
		724DE5081FA8E5DC00960EFC /* Resources */ = {
			isa = PBXResourcesBuildPhase;
			buildActionMask = 2147483647;
			files = (
				724DE5181FA8E5DC00960EFC /* LaunchScreen.storyboard in Resources */,
				7244E4991FCAD6D10047BAB7 /* GoogleService-Info.plist in Resources */,
				724DE5151FA8E5DC00960EFC /* Assets.xcassets in Resources */,
				724DE5131FA8E5DC00960EFC /* Main.storyboard in Resources */,
			);
			runOnlyForDeploymentPostprocessing = 0;
		};
		724DE51C1FA8E5DC00960EFC /* Resources */ = {
			isa = PBXResourcesBuildPhase;
			buildActionMask = 2147483647;
			files = (
			);
			runOnlyForDeploymentPostprocessing = 0;
		};
		724DE5271FA8E5DC00960EFC /* Resources */ = {
			isa = PBXResourcesBuildPhase;
			buildActionMask = 2147483647;
			files = (
			);
			runOnlyForDeploymentPostprocessing = 0;
		};
/* End PBXResourcesBuildPhase section */

/* Begin PBXShellScriptBuildPhase section */
		01565D9AEEAAB4FB4CAF047A /* [CP] Embed Pods Frameworks */ = {
			isa = PBXShellScriptBuildPhase;
			buildActionMask = 2147483647;
			files = (
			);
			inputPaths = (
				"${SRCROOT}/Pods/Target Support Files/Pods-EchoTwinUITests/Pods-EchoTwinUITests-frameworks.sh",
				"${BUILT_PRODUCTS_DIR}/GTMSessionFetcher/GTMSessionFetcher.framework",
				"${BUILT_PRODUCTS_DIR}/GoogleToolboxForMac/GoogleToolboxForMac.framework",
				"${BUILT_PRODUCTS_DIR}/nanopb/nanopb.framework",
			);
			name = "[CP] Embed Pods Frameworks";
			outputPaths = (
				"${TARGET_BUILD_DIR}/${FRAMEWORKS_FOLDER_PATH}/GTMSessionFetcher.framework",
				"${TARGET_BUILD_DIR}/${FRAMEWORKS_FOLDER_PATH}/GoogleToolboxForMac.framework",
				"${TARGET_BUILD_DIR}/${FRAMEWORKS_FOLDER_PATH}/nanopb.framework",
			);
			runOnlyForDeploymentPostprocessing = 0;
			shellPath = /bin/sh;
			shellScript = "\"${SRCROOT}/Pods/Target Support Files/Pods-EchoTwinUITests/Pods-EchoTwinUITests-frameworks.sh\"\n";
			showEnvVarsInLog = 0;
		};
		2A19AF8D85834378A4B9F64F /* [CP] Copy Pods Resources */ = {
			isa = PBXShellScriptBuildPhase;
			buildActionMask = 2147483647;
			files = (
			);
			inputPaths = (
			);
			name = "[CP] Copy Pods Resources";
			outputPaths = (
			);
			runOnlyForDeploymentPostprocessing = 0;
			shellPath = /bin/sh;
			shellScript = "\"${SRCROOT}/Pods/Target Support Files/Pods-EchoTwinTests/Pods-EchoTwinTests-resources.sh\"\n";
			showEnvVarsInLog = 0;
		};
		4BF6C47CFD2FEE90A06B3B59 /* [CP] Check Pods Manifest.lock */ = {
			isa = PBXShellScriptBuildPhase;
			buildActionMask = 2147483647;
			files = (
			);
			inputPaths = (
				"${PODS_PODFILE_DIR_PATH}/Podfile.lock",
				"${PODS_ROOT}/Manifest.lock",
			);
			name = "[CP] Check Pods Manifest.lock";
			outputPaths = (
				"$(DERIVED_FILE_DIR)/Pods-EchoTwinTests-checkManifestLockResult.txt",
			);
			runOnlyForDeploymentPostprocessing = 0;
			shellPath = /bin/sh;
			shellScript = "diff \"${PODS_PODFILE_DIR_PATH}/Podfile.lock\" \"${PODS_ROOT}/Manifest.lock\" > /dev/null\nif [ $? != 0 ] ; then\n    # print error to STDERR\n    echo \"error: The sandbox is not in sync with the Podfile.lock. Run 'pod install' or update your CocoaPods installation.\" >&2\n    exit 1\nfi\n# This output is used by Xcode 'outputs' to avoid re-running this script phase.\necho \"SUCCESS\" > \"${SCRIPT_OUTPUT_FILE_0}\"\n";
			showEnvVarsInLog = 0;
		};
		75CA8147F5144486C9E80A31 /* [CP] Check Pods Manifest.lock */ = {
			isa = PBXShellScriptBuildPhase;
			buildActionMask = 2147483647;
			files = (
			);
			inputPaths = (
				"${PODS_PODFILE_DIR_PATH}/Podfile.lock",
				"${PODS_ROOT}/Manifest.lock",
			);
			name = "[CP] Check Pods Manifest.lock";
			outputPaths = (
				"$(DERIVED_FILE_DIR)/Pods-EchoTwin-checkManifestLockResult.txt",
			);
			runOnlyForDeploymentPostprocessing = 0;
			shellPath = /bin/sh;
			shellScript = "diff \"${PODS_PODFILE_DIR_PATH}/Podfile.lock\" \"${PODS_ROOT}/Manifest.lock\" > /dev/null\nif [ $? != 0 ] ; then\n    # print error to STDERR\n    echo \"error: The sandbox is not in sync with the Podfile.lock. Run 'pod install' or update your CocoaPods installation.\" >&2\n    exit 1\nfi\n# This output is used by Xcode 'outputs' to avoid re-running this script phase.\necho \"SUCCESS\" > \"${SCRIPT_OUTPUT_FILE_0}\"\n";
			showEnvVarsInLog = 0;
		};
		7F090F9549F11C27908CF52A /* [CP] Check Pods Manifest.lock */ = {
			isa = PBXShellScriptBuildPhase;
			buildActionMask = 2147483647;
			files = (
			);
			inputPaths = (
				"${PODS_PODFILE_DIR_PATH}/Podfile.lock",
				"${PODS_ROOT}/Manifest.lock",
			);
			name = "[CP] Check Pods Manifest.lock";
			outputPaths = (
				"$(DERIVED_FILE_DIR)/Pods-EchoTwinUITests-checkManifestLockResult.txt",
			);
			runOnlyForDeploymentPostprocessing = 0;
			shellPath = /bin/sh;
			shellScript = "diff \"${PODS_PODFILE_DIR_PATH}/Podfile.lock\" \"${PODS_ROOT}/Manifest.lock\" > /dev/null\nif [ $? != 0 ] ; then\n    # print error to STDERR\n    echo \"error: The sandbox is not in sync with the Podfile.lock. Run 'pod install' or update your CocoaPods installation.\" >&2\n    exit 1\nfi\n# This output is used by Xcode 'outputs' to avoid re-running this script phase.\necho \"SUCCESS\" > \"${SCRIPT_OUTPUT_FILE_0}\"\n";
			showEnvVarsInLog = 0;
		};
		AD198DB89488D9AF2CE0D659 /* [CP] Copy Pods Resources */ = {
			isa = PBXShellScriptBuildPhase;
			buildActionMask = 2147483647;
			files = (
			);
			inputPaths = (
			);
			name = "[CP] Copy Pods Resources";
			outputPaths = (
			);
			runOnlyForDeploymentPostprocessing = 0;
			shellPath = /bin/sh;
			shellScript = "\"${SRCROOT}/Pods/Target Support Files/Pods-EchoTwin/Pods-EchoTwin-resources.sh\"\n";
			showEnvVarsInLog = 0;
		};
		B9BC78AB2B872BC68B114E1C /* [CP] Copy Pods Resources */ = {
			isa = PBXShellScriptBuildPhase;
			buildActionMask = 2147483647;
			files = (
			);
			inputPaths = (
			);
			name = "[CP] Copy Pods Resources";
			outputPaths = (
			);
			runOnlyForDeploymentPostprocessing = 0;
			shellPath = /bin/sh;
			shellScript = "\"${SRCROOT}/Pods/Target Support Files/Pods-EchoTwinUITests/Pods-EchoTwinUITests-resources.sh\"\n";
			showEnvVarsInLog = 0;
		};
		C883A84238C363ECC1F62B24 /* [CP] Embed Pods Frameworks */ = {
			isa = PBXShellScriptBuildPhase;
			buildActionMask = 2147483647;
			files = (
			);
			inputPaths = (
				"${SRCROOT}/Pods/Target Support Files/Pods-EchoTwin/Pods-EchoTwin-frameworks.sh",
				"${BUILT_PRODUCTS_DIR}/GTMSessionFetcher/GTMSessionFetcher.framework",
				"${BUILT_PRODUCTS_DIR}/GoogleToolboxForMac/GoogleToolboxForMac.framework",
				"${BUILT_PRODUCTS_DIR}/nanopb/nanopb.framework",
			);
			name = "[CP] Embed Pods Frameworks";
			outputPaths = (
				"${TARGET_BUILD_DIR}/${FRAMEWORKS_FOLDER_PATH}/GTMSessionFetcher.framework",
				"${TARGET_BUILD_DIR}/${FRAMEWORKS_FOLDER_PATH}/GoogleToolboxForMac.framework",
				"${TARGET_BUILD_DIR}/${FRAMEWORKS_FOLDER_PATH}/nanopb.framework",
			);
			runOnlyForDeploymentPostprocessing = 0;
			shellPath = /bin/sh;
			shellScript = "\"${SRCROOT}/Pods/Target Support Files/Pods-EchoTwin/Pods-EchoTwin-frameworks.sh\"\n";
			showEnvVarsInLog = 0;
		};
		F1B879EE1B538149021AB7EB /* [CP] Embed Pods Frameworks */ = {
			isa = PBXShellScriptBuildPhase;
			buildActionMask = 2147483647;
			files = (
			);
			inputPaths = (
				"${SRCROOT}/Pods/Target Support Files/Pods-EchoTwinTests/Pods-EchoTwinTests-frameworks.sh",
				"${BUILT_PRODUCTS_DIR}/GTMSessionFetcher/GTMSessionFetcher.framework",
				"${BUILT_PRODUCTS_DIR}/GoogleToolboxForMac/GoogleToolboxForMac.framework",
				"${BUILT_PRODUCTS_DIR}/nanopb/nanopb.framework",
			);
			name = "[CP] Embed Pods Frameworks";
			outputPaths = (
				"${TARGET_BUILD_DIR}/${FRAMEWORKS_FOLDER_PATH}/GTMSessionFetcher.framework",
				"${TARGET_BUILD_DIR}/${FRAMEWORKS_FOLDER_PATH}/GoogleToolboxForMac.framework",
				"${TARGET_BUILD_DIR}/${FRAMEWORKS_FOLDER_PATH}/nanopb.framework",
			);
			runOnlyForDeploymentPostprocessing = 0;
			shellPath = /bin/sh;
			shellScript = "\"${SRCROOT}/Pods/Target Support Files/Pods-EchoTwinTests/Pods-EchoTwinTests-frameworks.sh\"\n";
			showEnvVarsInLog = 0;
		};
/* End PBXShellScriptBuildPhase section */

/* Begin PBXSourcesBuildPhase section */
		724DE5061FA8E5DC00960EFC /* Sources */ = {
			isa = PBXSourcesBuildPhase;
			buildActionMask = 2147483647;
			files = (
				727368CF20172701000249F9 /* NavigationViewController.swift in Sources */,
				72F9304C1FF2A1BA001F3C94 /* TextToSpeechViewController.swift in Sources */,
				724DE5101FA8E5DC00960EFC /* RecordViewController.swift in Sources */,
				724DE50E1FA8E5DC00960EFC /* AppDelegate.swift in Sources */,
			);
			runOnlyForDeploymentPostprocessing = 0;
		};
		724DE51A1FA8E5DC00960EFC /* Sources */ = {
			isa = PBXSourcesBuildPhase;
			buildActionMask = 2147483647;
			files = (
				72F9304D1FF2A1BA001F3C94 /* TextToSpeechViewController.swift in Sources */,
				724DE5231FA8E5DC00960EFC /* EchoTwinTests.swift in Sources */,
			);
			runOnlyForDeploymentPostprocessing = 0;
		};
		724DE5251FA8E5DC00960EFC /* Sources */ = {
			isa = PBXSourcesBuildPhase;
			buildActionMask = 2147483647;
			files = (
				72F9304E1FF2A1BA001F3C94 /* TextToSpeechViewController.swift in Sources */,
				724DE52E1FA8E5DC00960EFC /* EchoTwinUITests.swift in Sources */,
			);
			runOnlyForDeploymentPostprocessing = 0;
		};
/* End PBXSourcesBuildPhase section */

/* Begin PBXTargetDependency section */
		724DE5201FA8E5DC00960EFC /* PBXTargetDependency */ = {
			isa = PBXTargetDependency;
			target = 724DE5091FA8E5DC00960EFC /* EchoTwin */;
			targetProxy = 724DE51F1FA8E5DC00960EFC /* PBXContainerItemProxy */;
		};
		724DE52B1FA8E5DC00960EFC /* PBXTargetDependency */ = {
			isa = PBXTargetDependency;
			target = 724DE5091FA8E5DC00960EFC /* EchoTwin */;
			targetProxy = 724DE52A1FA8E5DC00960EFC /* PBXContainerItemProxy */;
		};
/* End PBXTargetDependency section */

/* Begin PBXVariantGroup section */
		724DE5111FA8E5DC00960EFC /* Main.storyboard */ = {
			isa = PBXVariantGroup;
			children = (
				724DE5121FA8E5DC00960EFC /* Base */,
			);
			name = Main.storyboard;
			sourceTree = "<group>";
		};
		724DE5161FA8E5DC00960EFC /* LaunchScreen.storyboard */ = {
			isa = PBXVariantGroup;
			children = (
				724DE5171FA8E5DC00960EFC /* Base */,
			);
			name = LaunchScreen.storyboard;
			sourceTree = "<group>";
		};
/* End PBXVariantGroup section */

/* Begin XCBuildConfiguration section */
		724DE5301FA8E5DC00960EFC /* Debug */ = {
			isa = XCBuildConfiguration;
			buildSettings = {
				ALWAYS_SEARCH_USER_PATHS = NO;
				CLANG_ANALYZER_NONNULL = YES;
				CLANG_ANALYZER_NUMBER_OBJECT_CONVERSION = YES_AGGRESSIVE;
				CLANG_CXX_LANGUAGE_STANDARD = "gnu++14";
				CLANG_CXX_LIBRARY = "libc++";
				CLANG_ENABLE_MODULES = YES;
				CLANG_ENABLE_OBJC_ARC = YES;
				CLANG_WARN_BLOCK_CAPTURE_AUTORELEASING = YES;
				CLANG_WARN_BOOL_CONVERSION = YES;
				CLANG_WARN_COMMA = YES;
				CLANG_WARN_CONSTANT_CONVERSION = YES;
				CLANG_WARN_DIRECT_OBJC_ISA_USAGE = YES_ERROR;
				CLANG_WARN_DOCUMENTATION_COMMENTS = YES;
				CLANG_WARN_EMPTY_BODY = YES;
				CLANG_WARN_ENUM_CONVERSION = YES;
				CLANG_WARN_INFINITE_RECURSION = YES;
				CLANG_WARN_INT_CONVERSION = YES;
				CLANG_WARN_NON_LITERAL_NULL_CONVERSION = YES;
				CLANG_WARN_OBJC_LITERAL_CONVERSION = YES;
				CLANG_WARN_OBJC_ROOT_CLASS = YES_ERROR;
				CLANG_WARN_RANGE_LOOP_ANALYSIS = YES;
				CLANG_WARN_STRICT_PROTOTYPES = YES;
				CLANG_WARN_SUSPICIOUS_MOVE = YES;
				CLANG_WARN_UNGUARDED_AVAILABILITY = YES_AGGRESSIVE;
				CLANG_WARN_UNREACHABLE_CODE = YES;
				CLANG_WARN__DUPLICATE_METHOD_MATCH = YES;
				CODE_SIGN_IDENTITY = "iPhone Developer";
				COPY_PHASE_STRIP = NO;
				DEBUG_INFORMATION_FORMAT = dwarf;
				ENABLE_STRICT_OBJC_MSGSEND = YES;
				ENABLE_TESTABILITY = YES;
				GCC_C_LANGUAGE_STANDARD = gnu11;
				GCC_DYNAMIC_NO_PIC = NO;
				GCC_NO_COMMON_BLOCKS = YES;
				GCC_OPTIMIZATION_LEVEL = 0;
				GCC_PREPROCESSOR_DEFINITIONS = (
					"DEBUG=1",
					"$(inherited)",
				);
				GCC_WARN_64_TO_32_BIT_CONVERSION = YES;
				GCC_WARN_ABOUT_RETURN_TYPE = YES_ERROR;
				GCC_WARN_UNDECLARED_SELECTOR = YES;
				GCC_WARN_UNINITIALIZED_AUTOS = YES_AGGRESSIVE;
				GCC_WARN_UNUSED_FUNCTION = YES;
				GCC_WARN_UNUSED_VARIABLE = YES;
				IPHONEOS_DEPLOYMENT_TARGET = 11.0;
				MTL_ENABLE_DEBUG_INFO = YES;
				ONLY_ACTIVE_ARCH = YES;
				SDKROOT = iphoneos;
				SWIFT_ACTIVE_COMPILATION_CONDITIONS = DEBUG;
				SWIFT_OPTIMIZATION_LEVEL = "-Onone";
			};
			name = Debug;
		};
		724DE5311FA8E5DC00960EFC /* Release */ = {
			isa = XCBuildConfiguration;
			buildSettings = {
				ALWAYS_SEARCH_USER_PATHS = NO;
				CLANG_ANALYZER_NONNULL = YES;
				CLANG_ANALYZER_NUMBER_OBJECT_CONVERSION = YES_AGGRESSIVE;
				CLANG_CXX_LANGUAGE_STANDARD = "gnu++14";
				CLANG_CXX_LIBRARY = "libc++";
				CLANG_ENABLE_MODULES = YES;
				CLANG_ENABLE_OBJC_ARC = YES;
				CLANG_WARN_BLOCK_CAPTURE_AUTORELEASING = YES;
				CLANG_WARN_BOOL_CONVERSION = YES;
				CLANG_WARN_COMMA = YES;
				CLANG_WARN_CONSTANT_CONVERSION = YES;
				CLANG_WARN_DIRECT_OBJC_ISA_USAGE = YES_ERROR;
				CLANG_WARN_DOCUMENTATION_COMMENTS = YES;
				CLANG_WARN_EMPTY_BODY = YES;
				CLANG_WARN_ENUM_CONVERSION = YES;
				CLANG_WARN_INFINITE_RECURSION = YES;
				CLANG_WARN_INT_CONVERSION = YES;
				CLANG_WARN_NON_LITERAL_NULL_CONVERSION = YES;
				CLANG_WARN_OBJC_LITERAL_CONVERSION = YES;
				CLANG_WARN_OBJC_ROOT_CLASS = YES_ERROR;
				CLANG_WARN_RANGE_LOOP_ANALYSIS = YES;
				CLANG_WARN_STRICT_PROTOTYPES = YES;
				CLANG_WARN_SUSPICIOUS_MOVE = YES;
				CLANG_WARN_UNGUARDED_AVAILABILITY = YES_AGGRESSIVE;
				CLANG_WARN_UNREACHABLE_CODE = YES;
				CLANG_WARN__DUPLICATE_METHOD_MATCH = YES;
				CODE_SIGN_IDENTITY = "iPhone Developer";
				COPY_PHASE_STRIP = NO;
				DEBUG_INFORMATION_FORMAT = "dwarf-with-dsym";
				ENABLE_NS_ASSERTIONS = NO;
				ENABLE_STRICT_OBJC_MSGSEND = YES;
				GCC_C_LANGUAGE_STANDARD = gnu11;
				GCC_NO_COMMON_BLOCKS = YES;
				GCC_WARN_64_TO_32_BIT_CONVERSION = YES;
				GCC_WARN_ABOUT_RETURN_TYPE = YES_ERROR;
				GCC_WARN_UNDECLARED_SELECTOR = YES;
				GCC_WARN_UNINITIALIZED_AUTOS = YES_AGGRESSIVE;
				GCC_WARN_UNUSED_FUNCTION = YES;
				GCC_WARN_UNUSED_VARIABLE = YES;
				IPHONEOS_DEPLOYMENT_TARGET = 11.0;
				MTL_ENABLE_DEBUG_INFO = NO;
				SDKROOT = iphoneos;
				SWIFT_OPTIMIZATION_LEVEL = "-Owholemodule";
				VALIDATE_PRODUCT = YES;
			};
			name = Release;
		};
		724DE5331FA8E5DC00960EFC /* Debug */ = {
			isa = XCBuildConfiguration;
			baseConfigurationReference = E2BAA1912026B6480384ED21 /* Pods-EchoTwin.debug.xcconfig */;
			buildSettings = {
				ASSETCATALOG_COMPILER_APPICON_NAME = AppIcon;
				"CODE_SIGN_IDENTITY[sdk=iphoneos*]" = "iPhone Developer";
				CODE_SIGN_STYLE = Automatic;
				DEVELOPMENT_TEAM = D33C5X4VXD;
				FRAMEWORK_SEARCH_PATHS = "$(inherited)";
				INFOPLIST_FILE = EchoTwin/Info.plist;
				IPHONEOS_DEPLOYMENT_TARGET = 11.0;
				LD_RUNPATH_SEARCH_PATHS = "$(inherited) @executable_path/Frameworks";
				PRODUCT_BUNDLE_IDENTIFIER = com.echotwin.ios.EchoTwin;
				PRODUCT_NAME = "$(TARGET_NAME)";
				PROVISIONING_PROFILE_SPECIFIER = "";
				SWIFT_VERSION = 4.0;
				TARGETED_DEVICE_FAMILY = "1,2";
			};
			name = Debug;
		};
		724DE5341FA8E5DC00960EFC /* Release */ = {
			isa = XCBuildConfiguration;
			baseConfigurationReference = A92026A70E686715F78E13B2 /* Pods-EchoTwin.release.xcconfig */;
			buildSettings = {
				ASSETCATALOG_COMPILER_APPICON_NAME = AppIcon;
				"CODE_SIGN_IDENTITY[sdk=iphoneos*]" = "iPhone Developer";
				CODE_SIGN_STYLE = Automatic;
				DEVELOPMENT_TEAM = D33C5X4VXD;
				FRAMEWORK_SEARCH_PATHS = "$(inherited)";
				INFOPLIST_FILE = EchoTwin/Info.plist;
				IPHONEOS_DEPLOYMENT_TARGET = 11.0;
				LD_RUNPATH_SEARCH_PATHS = "$(inherited) @executable_path/Frameworks";
				PRODUCT_BUNDLE_IDENTIFIER = com.echotwin.ios.EchoTwin;
				PRODUCT_NAME = "$(TARGET_NAME)";
				PROVISIONING_PROFILE_SPECIFIER = "";
				SWIFT_VERSION = 4.0;
				TARGETED_DEVICE_FAMILY = "1,2";
			};
			name = Release;
		};
		724DE5361FA8E5DC00960EFC /* Debug */ = {
			isa = XCBuildConfiguration;
			baseConfigurationReference = 59357C8269675995B067EC34 /* Pods-EchoTwinTests.debug.xcconfig */;
			buildSettings = {
				ALWAYS_EMBED_SWIFT_STANDARD_LIBRARIES = YES;
				BUNDLE_LOADER = "$(TEST_HOST)";
				CODE_SIGN_STYLE = Automatic;
				INFOPLIST_FILE = EchoTwinTests/Info.plist;
				LD_RUNPATH_SEARCH_PATHS = "$(inherited) @executable_path/Frameworks @loader_path/Frameworks";
				PRODUCT_BUNDLE_IDENTIFIER = com.echotwin.ios.EchoTwinTests;
				PRODUCT_NAME = "$(TARGET_NAME)";
				SWIFT_VERSION = 4.0;
				TARGETED_DEVICE_FAMILY = "1,2";
				TEST_HOST = "$(BUILT_PRODUCTS_DIR)/EchoTwin.app/EchoTwin";
			};
			name = Debug;
		};
		724DE5371FA8E5DC00960EFC /* Release */ = {
			isa = XCBuildConfiguration;
			baseConfigurationReference = C66EE23794CBF16C80672317 /* Pods-EchoTwinTests.release.xcconfig */;
			buildSettings = {
				ALWAYS_EMBED_SWIFT_STANDARD_LIBRARIES = YES;
				BUNDLE_LOADER = "$(TEST_HOST)";
				CODE_SIGN_STYLE = Automatic;
				INFOPLIST_FILE = EchoTwinTests/Info.plist;
				LD_RUNPATH_SEARCH_PATHS = "$(inherited) @executable_path/Frameworks @loader_path/Frameworks";
				PRODUCT_BUNDLE_IDENTIFIER = com.echotwin.ios.EchoTwinTests;
				PRODUCT_NAME = "$(TARGET_NAME)";
				SWIFT_VERSION = 4.0;
				TARGETED_DEVICE_FAMILY = "1,2";
				TEST_HOST = "$(BUILT_PRODUCTS_DIR)/EchoTwin.app/EchoTwin";
			};
			name = Release;
		};
		724DE5391FA8E5DC00960EFC /* Debug */ = {
			isa = XCBuildConfiguration;
			baseConfigurationReference = 3536D8EFA24DD683EBA74663 /* Pods-EchoTwinUITests.debug.xcconfig */;
			buildSettings = {
				ALWAYS_EMBED_SWIFT_STANDARD_LIBRARIES = YES;
				CODE_SIGN_STYLE = Automatic;
				INFOPLIST_FILE = EchoTwinUITests/Info.plist;
				LD_RUNPATH_SEARCH_PATHS = "$(inherited) @executable_path/Frameworks @loader_path/Frameworks";
				PRODUCT_BUNDLE_IDENTIFIER = com.echotwin.ios.EchoTwinUITests;
				PRODUCT_NAME = "$(TARGET_NAME)";
				SWIFT_VERSION = 4.0;
				TARGETED_DEVICE_FAMILY = "1,2";
				TEST_TARGET_NAME = EchoTwin;
			};
			name = Debug;
		};
		724DE53A1FA8E5DC00960EFC /* Release */ = {
			isa = XCBuildConfiguration;
			baseConfigurationReference = 1F433D70E333CBFD6DA85769 /* Pods-EchoTwinUITests.release.xcconfig */;
			buildSettings = {
				ALWAYS_EMBED_SWIFT_STANDARD_LIBRARIES = YES;
				CODE_SIGN_STYLE = Automatic;
				INFOPLIST_FILE = EchoTwinUITests/Info.plist;
				LD_RUNPATH_SEARCH_PATHS = "$(inherited) @executable_path/Frameworks @loader_path/Frameworks";
				PRODUCT_BUNDLE_IDENTIFIER = com.echotwin.ios.EchoTwinUITests;
				PRODUCT_NAME = "$(TARGET_NAME)";
				SWIFT_VERSION = 4.0;
				TARGETED_DEVICE_FAMILY = "1,2";
				TEST_TARGET_NAME = EchoTwin;
			};
			name = Release;
		};
/* End XCBuildConfiguration section */

/* Begin XCConfigurationList section */
		724DE5051FA8E5DC00960EFC /* Build configuration list for PBXProject "EchoTwin" */ = {
			isa = XCConfigurationList;
			buildConfigurations = (
				724DE5301FA8E5DC00960EFC /* Debug */,
				724DE5311FA8E5DC00960EFC /* Release */,
			);
			defaultConfigurationIsVisible = 0;
			defaultConfigurationName = Release;
		};
		724DE5321FA8E5DC00960EFC /* Build configuration list for PBXNativeTarget "EchoTwin" */ = {
			isa = XCConfigurationList;
			buildConfigurations = (
				724DE5331FA8E5DC00960EFC /* Debug */,
				724DE5341FA8E5DC00960EFC /* Release */,
			);
			defaultConfigurationIsVisible = 0;
			defaultConfigurationName = Release;
		};
		724DE5351FA8E5DC00960EFC /* Build configuration list for PBXNativeTarget "EchoTwinTests" */ = {
			isa = XCConfigurationList;
			buildConfigurations = (
				724DE5361FA8E5DC00960EFC /* Debug */,
				724DE5371FA8E5DC00960EFC /* Release */,
			);
			defaultConfigurationIsVisible = 0;
			defaultConfigurationName = Release;
		};
		724DE5381FA8E5DC00960EFC /* Build configuration list for PBXNativeTarget "EchoTwinUITests" */ = {
			isa = XCConfigurationList;
			buildConfigurations = (
				724DE5391FA8E5DC00960EFC /* Debug */,
				724DE53A1FA8E5DC00960EFC /* Release */,
			);
			defaultConfigurationIsVisible = 0;
			defaultConfigurationName = Release;
		};
/* End XCConfigurationList section */
	};
	rootObject = 724DE5021FA8E5DC00960EFC /* Project object */;
}
